lockfileVersion: '9.0'

settings:
  autoInstallPeers: true
  excludeLinksFromLockfile: false

importers:

  .:
    dependencies:
      '@openrouter/ai-sdk-provider':
        specifier: ^1.5.4
        version: 1.5.4(ai@6.0.0-beta.156(zod@3.25.76))(zod@3.25.76)
      ai:
        specifier: 6.0.0-beta.156
        version: 6.0.0-beta.156(zod@3.25.76)
      dotenv:
        specifier: ^16.4.5
        version: 16.4.7
      zod:
        specifier: ^3.22.0
        version: 3.25.76
    devDependencies:
      '@types/node':
        specifier: ^25.0.2
        version: 25.0.2

packages:

  '@ai-sdk/gateway@2.0.0-beta.82':
    resolution: {integrity: sha512-6HRrBVPvn1IC/vx6HYLnAeJsveucsXes2DQWu7R/uPaq/BWwNTboBDCXvOPi2963zbrq+iPelS1SlPfpkx7kDQ==}
    engines: {node: '>=18'}
    peerDependencies:
      zod: ^3.25.76 || ^4.1.8

  '@ai-sdk/provider-utils@4.0.0-beta.51':
    resolution: {integrity: sha512-7NEGTKMRbOOI6n7Xm1w7XiFqHaDcNxORql3iUIjPyXgYhnvF48JaB8cxySmtdDqpeR1DD4d6B6Cbjhn45DVR0g==}
    engines: {node: '>=18'}
    peerDependencies:
      '@valibot/to-json-schema': ^1.3.0
      arktype: ^2.1.22
      effect: ^3.18.4
      zod: ^3.25.76 || ^4.1.8
    peerDependenciesMeta:
      '@valibot/to-json-schema':
        optional: true
      arktype:
        optional: true
      effect:
        optional: true

  '@ai-sdk/provider@3.0.0-beta.26':
    resolution: {integrity: sha512-UQyOlrpahFL1CZ/QA0ZpFhAkE32fw1XXBx+6gu23YWSCMJCjaf/fiJUPV7xUhp/nXqVO/IC+PIIfLomx55D16A==}
    engines: {node: '>=18'}

  '@openrouter/ai-sdk-provider@1.5.4':
    resolution: {integrity: sha512-xrSQPUIH8n9zuyYZR0XK7Ba0h2KsjJcMkxnwaYfmv13pKs3sDkjPzVPPhlhzqBGddHb5cFEwJ9VFuFeDcxCDSw==}
    engines: {node: '>=18'}
    peerDependencies:
      ai: ^5.0.0
      zod: ^3.24.1 || ^v4

  '@openrouter/sdk@0.1.27':
    resolution: {integrity: sha512-RH//L10bSmc81q25zAZudiI4kNkLgxF2E+WU42vghp3N6TEvZ6F0jK7uT3tOxkEn91gzmMw9YVmDENy7SJsajQ==}

  '@opentelemetry/api@1.9.0':
    resolution: {integrity: sha512-3giAOQvZiH5F9bMlMiv8+GSPMeqg0dbaeo58/0SlA9sxSqZhnUtxzX9/2FzyhS9sWQf5S0GJE0AKBrFqjpeYcg==}
    engines: {node: '>=8.0.0'}

  '@standard-schema/spec@1.1.0':
    resolution: {integrity: sha512-l2aFy5jALhniG5HgqrD6jXLi/rUWrKvqN/qJx6yoJsgKhblVd+iqqU4RCXavm/jPityDo5TCvKMnpjKnOriy0w==}

  '@types/node@25.0.2':
    resolution: {integrity: sha512-gWEkeiyYE4vqjON/+Obqcoeffmk0NF15WSBwSs7zwVA2bAbTaE0SJ7P0WNGoJn8uE7fiaV5a7dKYIJriEqOrmA==}

  '@vercel/oidc@3.0.5':
    resolution: {integrity: sha512-fnYhv671l+eTTp48gB4zEsTW/YtRgRPnkI2nT7x6qw5rkI1Lq2hTmQIpHPgyThI0znLK+vX2n9XxKdXZ7BUbbw==}
    engines: {node: '>= 20'}

  ai@6.0.0-beta.156:
    resolution: {integrity: sha512-7bkGbRw811f0Xa30EfNE3HqlgccUmUS/hqSCV3SuIf8cxRZ0Z73cQUmFTDXMe5OIhW/6G50qvs2D2KQFiFHm0w==}
    engines: {node: '>=18'}
    peerDependencies:
      zod: ^3.25.76 || ^4.1.8

  dotenv@16.4.7:
    resolution: {integrity: sha512-47qPchRCykZC03FhkYAhrvwU4xDBFIj1QPqaarj6mdM/hgUzfPHcpkHJOn3mJAufFeeAxAzeGsr5X0M4k6fLZQ==}
    engines: {node: '>=12'}

  eventsource-parser@3.0.6:
    resolution: {integrity: sha512-Vo1ab+QXPzZ4tCa8SwIHJFaSzy4R6SHf7BY79rFBDf0idraZWAkYrDjDj8uWaSm3S2TK+hJ7/t1CEmZ7jXw+pg==}
    engines: {node: '>=18.0.0'}

  json-schema@0.4.0:
    resolution: {integrity: sha512-es94M3nTIfsEPisRafak+HDLfHXnKBhV3vU5eqPcS3flIWqcxJWgXHXiey3YrpaNsanY5ei1VoYEbOzijuq9BA==}

  undici-types@7.16.0:
    resolution: {integrity: sha512-Zz+aZWSj8LE6zoxD+xrjh4VfkIG8Ya6LvYkZqtUQGJPZjYl53ypCaUwWqo7eI0x66KBGeRo+mlBEkMSeSZ38Nw==}

  zod@3.25.76:
    resolution: {integrity: sha512-gzUt/qt81nXsFGKIFcC3YnfEAx5NkunCfnDlvuBSSFS02bcXu4Lmea0AFIUwbLWxWPx3d9p8S5QoaujKcNQxcQ==}

snapshots:

  '@ai-sdk/gateway@2.0.0-beta.82(zod@3.25.76)':
    dependencies:
      '@ai-sdk/provider': 3.0.0-beta.26
      '@ai-sdk/provider-utils': 4.0.0-beta.51(zod@3.25.76)
      '@vercel/oidc': 3.0.5
      zod: 3.25.76
    transitivePeerDependencies:
      - '@valibot/to-json-schema'
      - arktype
      - effect

  '@ai-sdk/provider-utils@4.0.0-beta.51(zod@3.25.76)':
    dependencies:
      '@ai-sdk/provider': 3.0.0-beta.26
      '@standard-schema/spec': 1.1.0
      eventsource-parser: 3.0.6
      zod: 3.25.76

  '@ai-sdk/provider@3.0.0-beta.26':
    dependencies:
      json-schema: 0.4.0

  '@openrouter/ai-sdk-provider@1.5.4(ai@6.0.0-beta.156(zod@3.25.76))(zod@3.25.76)':
    dependencies:
      '@openrouter/sdk': 0.1.27
      ai: 6.0.0-beta.156(zod@3.25.76)
      zod: 3.25.76

  '@openrouter/sdk@0.1.27':
    dependencies:
      zod: 3.25.76

  '@opentelemetry/api@1.9.0': {}

  '@standard-schema/spec@1.1.0': {}

  '@types/node@25.0.2':
    dependencies:
      undici-types: 7.16.0

  '@vercel/oidc@3.0.5': {}

  ai@6.0.0-beta.156(zod@3.25.76):
    dependencies:
      '@ai-sdk/gateway': 2.0.0-beta.82(zod@3.25.76)
      '@ai-sdk/provider': 3.0.0-beta.26
      '@ai-sdk/provider-utils': 4.0.0-beta.51(zod@3.25.76)
      '@opentelemetry/api': 1.9.0
      zod: 3.25.76
    transitivePeerDependencies:
      - '@valibot/to-json-schema'
      - arktype
      - effect

  dotenv@16.4.7: {}

  eventsource-parser@3.0.6: {}

  json-schema@0.4.0: {}

  undici-types@7.16.0: {}

  zod@3.25.76: {}
